
Microsoft Visual Studio Solution File, Format Version 12.00
# Visual Studio Version 17
VisualStudioVersion = 17.9.34728.123
MinimumVisualStudioVersion = 10.0.40219.1
Project("{8BC9CEB8-8B4A-11D0-8D11-00A0C91BC942}") = "Item 01", "Chapter 01 Accustoming Yourself to C++\Item 01\Item 01.vcxproj", "{F9824FF4-8E21-4D7E-BE10-114B06FE7539}"
EndProject
Project("{8BC9CEB8-8B4A-11D0-8D11-00A0C91BC942}") = "Item 02", "Chapter 01 Accustoming Yourself to C++\Item 02\Item 02.vcxproj", "{BDAF2C2F-6B72-42F1-A224-1D914A6F7636}"
EndProject
Project("{8BC9CEB8-8B4A-11D0-8D11-00A0C91BC942}") = "Item 03", "Chapter 01 Accustoming Yourself to C++\Item 03\Item 03.vcxproj", "{3E81FA1C-7CDA-4259-8E0C-90620E8FAF47}"
EndProject
Project("{8BC9CEB8-8B4A-11D0-8D11-00A0C91BC942}") = "Item 04", "Chapter 01 Accustoming Yourself to C++\Item 04\Item 04.vcxproj", "{262DACA6-BCC0-4484-B6A6-DBECD78C5F3A}"
EndProject
Project("{8BC9CEB8-8B4A-11D0-8D11-00A0C91BC942}") = "Item 05", "Chapter 02 Constructors, Destructors, and Assignment Operators\Item 05\Item 05.vcxproj", "{E33071C1-A3D4-4FC4-B9D5-24443CAC6923}"
EndProject
Project("{8BC9CEB8-8B4A-11D0-8D11-00A0C91BC942}") = "Item 06", "Chapter 02 Constructors, Destructors, and Assignment Operators\Item 06\Item 06.vcxproj", "{CABFB36B-BF3D-4F71-A180-3C754498BFEC}"
EndProject
Project("{8BC9CEB8-8B4A-11D0-8D11-00A0C91BC942}") = "Item 07", "Chapter 02 Constructors, Destructors, and Assignment Operators\Item 07\Item 07.vcxproj", "{AB7D754B-F9F6-489C-8DB1-C98B189B88BA}"
EndProject
Project("{8BC9CEB8-8B4A-11D0-8D11-00A0C91BC942}") = "Item 08", "Chapter 02 Constructors, Destructors, and Assignment Operators\Item 08\Item 08.vcxproj", "{17C46D83-76EE-457F-B371-4A2316190D93}"
EndProject
Project("{8BC9CEB8-8B4A-11D0-8D11-00A0C91BC942}") = "Item 09", "Chapter 02 Constructors, Destructors, and Assignment Operators\Item 09\Item 09.vcxproj", "{CBB7A0E1-38F0-4D31-BA29-633EDDC0F7B2}"
EndProject
Project("{8BC9CEB8-8B4A-11D0-8D11-00A0C91BC942}") = "Item 10", "Chapter 02 Constructors, Destructors, and Assignment Operators\Item 10\Item 10.vcxproj", "{2A35A009-656E-46A1-B41B-1C90415BA383}"
EndProject
Project("{8BC9CEB8-8B4A-11D0-8D11-00A0C91BC942}") = "Item 11", "Chapter 02 Constructors, Destructors, and Assignment Operators\Item 11\Item 11.vcxproj", "{238280FA-53E4-42D8-BDDF-6C87D8D80EBF}"
EndProject
Project("{8BC9CEB8-8B4A-11D0-8D11-00A0C91BC942}") = "Item 12", "Chapter 02 Constructors, Destructors, and Assignment Operators\Item 12\Item 12.vcxproj", "{F73DDCE9-80F1-4DE2-BD45-7670F1AA24D8}"
EndProject
Project("{2150E333-8FDC-42A3-9474-1A3956D46DE8}") = "Chapter 01", "Chapter 01", "{23466F59-E908-4EFA-835D-064E20A4117E}"
EndProject
Project("{2150E333-8FDC-42A3-9474-1A3956D46DE8}") = "Chapter 02", "Chapter 02", "{4D4A478F-BF7B-4A4E-B3C3-53A1A8A8D757}"
EndProject
Project("{2150E333-8FDC-42A3-9474-1A3956D46DE8}") = "Chapter 03", "Chapter 03", "{0EAA0BDD-BE9E-41E1-9191-38379BC5D6A3}"
EndProject
Project("{8BC9CEB8-8B4A-11D0-8D11-00A0C91BC942}") = "Item 13", "Chapter 03 Resource Management\Item 13\Item 13.vcxproj", "{D42CE781-CC4E-4C80-8E7E-BFD5B1189B8E}"
EndProject
Project("{8BC9CEB8-8B4A-11D0-8D11-00A0C91BC942}") = "Item 14", "Chapter 03 Resource Management\Item 14\Item 14.vcxproj", "{459EF3B8-B30B-47C2-B3DB-A4566D86B2FF}"
EndProject
Project("{8BC9CEB8-8B4A-11D0-8D11-00A0C91BC942}") = "Item 15", "Chapter 03 Resource Management\Item 15\Item 15.vcxproj", "{1D712B83-8AD7-46C2-A9ED-544568CDB1BF}"
EndProject
Project("{8BC9CEB8-8B4A-11D0-8D11-00A0C91BC942}") = "Item 16", "Chapter 03 Resource Management\Item 16\Item 16.vcxproj", "{8BB5926D-22FA-44F3-817D-4EC6E034EAF8}"
EndProject
Project("{8BC9CEB8-8B4A-11D0-8D11-00A0C91BC942}") = "Item 17", "Chapter 03 Resource Management\Item 17\Item 17.vcxproj", "{2FBF58A4-41FD-495B-964C-9E981DC19021}"
EndProject
Project("{2150E333-8FDC-42A3-9474-1A3956D46DE8}") = "Chapter 04", "Chapter 04", "{18570ACD-D122-4627-AF2A-BBA284DB55C0}"
EndProject
Project("{8BC9CEB8-8B4A-11D0-8D11-00A0C91BC942}") = "Item 18", "Chapter 04 Designs and Declarations\Item 18\Item 18.vcxproj", "{B932FD64-CEC0-4AA9-928E-C7CFBBC0A231}"
EndProject
Project("{8BC9CEB8-8B4A-11D0-8D11-00A0C91BC942}") = "Item 19", "Chapter 04 Designs and Declarations\Item 19\Item 19.vcxproj", "{D56CB749-EBC4-4223-B4D5-E87A8B2637CF}"
EndProject
Project("{8BC9CEB8-8B4A-11D0-8D11-00A0C91BC942}") = "Item 20", "Chapter 04 Designs and Declarations\Item 20\Item 20.vcxproj", "{0B8B9C20-1539-4552-9C48-B93EB1282B9A}"
EndProject
Project("{8BC9CEB8-8B4A-11D0-8D11-00A0C91BC942}") = "Item 21", "Chapter 04 Designs and Declarations\Item 21\Item 21.vcxproj", "{37485B0E-2772-41ED-B70A-E305C454C382}"
EndProject
Project("{8BC9CEB8-8B4A-11D0-8D11-00A0C91BC942}") = "Item 22", "Chapter 04 Designs and Declarations\Item 22\Item 22.vcxproj", "{7FCD98FA-6283-4E2F-BA0F-085A05DDF7FC}"
EndProject
Project("{8BC9CEB8-8B4A-11D0-8D11-00A0C91BC942}") = "Item 23", "Chapter 04 Designs and Declarations\Item 23\Item 23.vcxproj", "{AD6C662F-2033-4E4A-8294-52DEF349BB45}"
EndProject
Project("{8BC9CEB8-8B4A-11D0-8D11-00A0C91BC942}") = "Item 24", "Chapter 04 Designs and Declarations\Item 24\Item 24.vcxproj", "{2E5A5B20-4D36-4C19-86EA-3699FFBCFB2F}"
EndProject
Project("{8BC9CEB8-8B4A-11D0-8D11-00A0C91BC942}") = "Item 25", "Chapter 04 Designs and Declarations\Item 25\Item 25.vcxproj", "{2880F8D3-EEC9-41AB-8E60-CE265BA9A881}"
EndProject
Project("{2150E333-8FDC-42A3-9474-1A3956D46DE8}") = "Chapter 05", "Chapter 05", "{C41CC769-3E98-4297-9F30-E7B7D8DFC553}"
EndProject
Project("{8BC9CEB8-8B4A-11D0-8D11-00A0C91BC942}") = "Item 26", "Chapter 05 Implementations\Item 26\Item 26.vcxproj", "{B9CBA43D-4D29-4BD4-B63D-4DBE27A30AD2}"
EndProject
Project("{8BC9CEB8-8B4A-11D0-8D11-00A0C91BC942}") = "Item 27", "Chapter 05 Implementations\Item 27\Item 27.vcxproj", "{E644714A-17C9-4DF8-929F-AF0DEBB70208}"
EndProject
Project("{8BC9CEB8-8B4A-11D0-8D11-00A0C91BC942}") = "Item 28", "Chapter 05 Implementations\Item 28\Item 28.vcxproj", "{0FC101A6-8CCE-43E5-9225-291D3D39A068}"
EndProject
Project("{8BC9CEB8-8B4A-11D0-8D11-00A0C91BC942}") = "Item 29", "Chapter 05 Implementations\Item 29\Item 29.vcxproj", "{944AD5AD-CEE3-4FBC-A813-EEEFF1D1BA78}"
EndProject
Project("{8BC9CEB8-8B4A-11D0-8D11-00A0C91BC942}") = "Item 31", "Chapter 05 Implementations\Item 31\Item 31.vcxproj", "{8E3228C0-D309-4119-9860-54EA1E3F8F06}"
EndProject
Project("{8BC9CEB8-8B4A-11D0-8D11-00A0C91BC942}") = "Item 31(2)", "Chapter 05 Implementations\Item 31(2)\Item 31(2).vcxproj", "{AAC20289-CC0D-44FD-81C1-166880D5ABD2}"
EndProject
Project("{2150E333-8FDC-42A3-9474-1A3956D46DE8}") = "Chapter 06", "Chapter 06", "{40E749C6-2D1E-4E29-9078-C0785D03C860}"
EndProject
Project("{8BC9CEB8-8B4A-11D0-8D11-00A0C91BC942}") = "Item 32", "Chapter 06 Inheritance and Object-Oriented Design\Item 32\Item 32.vcxproj", "{56679ED5-909E-45DF-BC5F-F17658EF1410}"
EndProject
Project("{8BC9CEB8-8B4A-11D0-8D11-00A0C91BC942}") = "Item 33", "Chapter 06 Inheritance and Object-Oriented Design\Item 33\Item 33.vcxproj", "{BCAE24F4-D5FC-4E23-A9CA-64BCBEF60D88}"
EndProject
Project("{8BC9CEB8-8B4A-11D0-8D11-00A0C91BC942}") = "Item 34", "Chapter 06 Inheritance and Object-Oriented Design\Item 34\Item 34.vcxproj", "{9BD52E0A-4244-4411-8483-F62A526DF898}"
EndProject
Project("{8BC9CEB8-8B4A-11D0-8D11-00A0C91BC942}") = "Item 35", "Chapter 06 Inheritance and Object-Oriented Design\Item 35\Item 35.vcxproj", "{0EC7BBCB-4127-4835-BFE9-94CB5CE5179E}"
EndProject
Project("{8BC9CEB8-8B4A-11D0-8D11-00A0C91BC942}") = "Item 36", "Chapter 06 Inheritance and Object-Oriented Design\Item 36\Item 36.vcxproj", "{E1CF6EB2-E03E-4410-BB4C-62F68534BE17}"
EndProject
Project("{8BC9CEB8-8B4A-11D0-8D11-00A0C91BC942}") = "Item 37", "Chapter 06 Inheritance and Object-Oriented Design\Item 37\Item 37.vcxproj", "{50E0EC5E-2F10-4F5B-9126-1E7CB888A738}"
EndProject
Project("{8BC9CEB8-8B4A-11D0-8D11-00A0C91BC942}") = "Item 38", "Chapter 06 Inheritance and Object-Oriented Design\Item 38\Item 38.vcxproj", "{969664A3-59EF-4F25-8042-97F7355C8788}"
EndProject
Project("{8BC9CEB8-8B4A-11D0-8D11-00A0C91BC942}") = "Item 39", "Chapter 06 Inheritance and Object-Oriented Design\Item 39\Item 39.vcxproj", "{2332E491-5995-47AA-A652-3BD2BED85B59}"
EndProject
Project("{8BC9CEB8-8B4A-11D0-8D11-00A0C91BC942}") = "Item 40", "Chapter 06 Inheritance and Object-Oriented Design\Item 40\Item 40.vcxproj", "{891C6636-864F-41F9-A5B6-C721E2BAD14D}"
EndProject
Project("{2150E333-8FDC-42A3-9474-1A3956D46DE8}") = "Chapter 07", "Chapter 07", "{ABEEE065-F078-46BD-A572-C1562B96D7F9}"
EndProject
Project("{8BC9CEB8-8B4A-11D0-8D11-00A0C91BC942}") = "Item 41", "Chapter 07 Templates and Generic Programming\Item 41\Item 41.vcxproj", "{E2FB3B78-6F8F-493B-AF6C-416AB642859A}"
EndProject
Project("{8BC9CEB8-8B4A-11D0-8D11-00A0C91BC942}") = "Item 42", "Chapter 07 Templates and Generic Programming\Item 42\Item 42.vcxproj", "{FCF030C4-F239-4A87-9E2E-F5CC4209E382}"
EndProject
Project("{8BC9CEB8-8B4A-11D0-8D11-00A0C91BC942}") = "Item 43", "Chapter 07 Templates and Generic Programming\Item 43\Item 43.vcxproj", "{6A011564-108C-45C3-92C3-0CF819A79314}"
EndProject
Project("{8BC9CEB8-8B4A-11D0-8D11-00A0C91BC942}") = "Item 44", "Chapter 07 Templates and Generic Programming\Item 44\Item 44.vcxproj", "{E3E9ADD8-7E97-4BD6-96C4-C60FCA28433D}"
EndProject
Project("{8BC9CEB8-8B4A-11D0-8D11-00A0C91BC942}") = "Item 45", "Chapter 07 Templates and Generic Programming\Item 45\Item 45.vcxproj", "{B1D95150-8C4E-4B61-A416-E52AFA44DEA2}"
EndProject
Project("{8BC9CEB8-8B4A-11D0-8D11-00A0C91BC942}") = "Item 46", "Chapter 07 Templates and Generic Programming\Item 46\Item 46.vcxproj", "{C65BC91F-A0A3-42D3-9DE4-A4839A69A2D5}"
EndProject
Project("{8BC9CEB8-8B4A-11D0-8D11-00A0C91BC942}") = "Item 47", "Chapter 07 Templates and Generic Programming\Item 47\Item 47.vcxproj", "{4F7A9657-4A28-4CD9-B5B8-FC1CC463A6F5}"
EndProject
Project("{8BC9CEB8-8B4A-11D0-8D11-00A0C91BC942}") = "Item 48", "Chapter 07 Templates and Generic Programming\Item 48\Item 48.vcxproj", "{B9F15E75-F3D5-43F6-A9B5-036DF6A8B357}"
EndProject
Project("{2150E333-8FDC-42A3-9474-1A3956D46DE8}") = "Chapter 08", "Chapter 08", "{F9B5284B-9721-4717-9F36-0124BABA5C0F}"
EndProject
Project("{8BC9CEB8-8B4A-11D0-8D11-00A0C91BC942}") = "Item 49", "Chapter 08 Customizing new and delete\Item 49\Item 49.vcxproj", "{BDB6CF97-7491-41C0-90E6-0DD9F73E195B}"
EndProject
Project("{8BC9CEB8-8B4A-11D0-8D11-00A0C91BC942}") = "Item 50", "Chapter 08 Customizing new and delete\Item 50\Item 50.vcxproj", "{FB051FF7-6D1E-4673-8B85-58FBFF7D8695}"
EndProject
Project("{8BC9CEB8-8B4A-11D0-8D11-00A0C91BC942}") = "Item 51", "Chapter 08 Customizing new and delete\Item 51\Item 51.vcxproj", "{F7065C20-52C2-4648-8908-9C0E582C57B0}"
EndProject
Project("{8BC9CEB8-8B4A-11D0-8D11-00A0C91BC942}") = "Item 52", "Chapter 08 Customizing new and delete\Item 52\Item 52.vcxproj", "{20D05AE6-9ED3-4DDB-9DB8-94A09A633E1C}"
EndProject
Project("{8BC9CEB8-8B4A-11D0-8D11-00A0C91BC942}") = "Item 53", "Chapter 09 Miscellany\Item 53\Item 53.vcxproj", "{2EC91BD9-E9CA-4576-B90C-EA5ECEDD4DE1}"
EndProject
Global
	GlobalSection(SolutionConfigurationPlatforms) = preSolution
		Debug|x64 = Debug|x64
		Debug|x86 = Debug|x86
		Release|x64 = Release|x64
		Release|x86 = Release|x86
	EndGlobalSection
	GlobalSection(ProjectConfigurationPlatforms) = postSolution
		{F9824FF4-8E21-4D7E-BE10-114B06FE7539}.Debug|x64.ActiveCfg = Debug|x64
		{F9824FF4-8E21-4D7E-BE10-114B06FE7539}.Debug|x64.Build.0 = Debug|x64
		{F9824FF4-8E21-4D7E-BE10-114B06FE7539}.Debug|x86.ActiveCfg = Debug|Win32
		{F9824FF4-8E21-4D7E-BE10-114B06FE7539}.Debug|x86.Build.0 = Debug|Win32
		{F9824FF4-8E21-4D7E-BE10-114B06FE7539}.Release|x64.ActiveCfg = Release|x64
		{F9824FF4-8E21-4D7E-BE10-114B06FE7539}.Release|x64.Build.0 = Release|x64
		{F9824FF4-8E21-4D7E-BE10-114B06FE7539}.Release|x86.ActiveCfg = Release|Win32
		{F9824FF4-8E21-4D7E-BE10-114B06FE7539}.Release|x86.Build.0 = Release|Win32
		{BDAF2C2F-6B72-42F1-A224-1D914A6F7636}.Debug|x64.ActiveCfg = Debug|x64
		{BDAF2C2F-6B72-42F1-A224-1D914A6F7636}.Debug|x64.Build.0 = Debug|x64
		{BDAF2C2F-6B72-42F1-A224-1D914A6F7636}.Debug|x86.ActiveCfg = Debug|Win32
		{BDAF2C2F-6B72-42F1-A224-1D914A6F7636}.Debug|x86.Build.0 = Debug|Win32
		{BDAF2C2F-6B72-42F1-A224-1D914A6F7636}.Release|x64.ActiveCfg = Release|x64
		{BDAF2C2F-6B72-42F1-A224-1D914A6F7636}.Release|x64.Build.0 = Release|x64
		{BDAF2C2F-6B72-42F1-A224-1D914A6F7636}.Release|x86.ActiveCfg = Release|Win32
		{BDAF2C2F-6B72-42F1-A224-1D914A6F7636}.Release|x86.Build.0 = Release|Win32
		{3E81FA1C-7CDA-4259-8E0C-90620E8FAF47}.Debug|x64.ActiveCfg = Debug|x64
		{3E81FA1C-7CDA-4259-8E0C-90620E8FAF47}.Debug|x64.Build.0 = Debug|x64
		{3E81FA1C-7CDA-4259-8E0C-90620E8FAF47}.Debug|x86.ActiveCfg = Debug|Win32
		{3E81FA1C-7CDA-4259-8E0C-90620E8FAF47}.Debug|x86.Build.0 = Debug|Win32
		{3E81FA1C-7CDA-4259-8E0C-90620E8FAF47}.Release|x64.ActiveCfg = Release|x64
		{3E81FA1C-7CDA-4259-8E0C-90620E8FAF47}.Release|x64.Build.0 = Release|x64
		{3E81FA1C-7CDA-4259-8E0C-90620E8FAF47}.Release|x86.ActiveCfg = Release|Win32
		{3E81FA1C-7CDA-4259-8E0C-90620E8FAF47}.Release|x86.Build.0 = Release|Win32
		{262DACA6-BCC0-4484-B6A6-DBECD78C5F3A}.Debug|x64.ActiveCfg = Debug|x64
		{262DACA6-BCC0-4484-B6A6-DBECD78C5F3A}.Debug|x64.Build.0 = Debug|x64
		{262DACA6-BCC0-4484-B6A6-DBECD78C5F3A}.Debug|x86.ActiveCfg = Debug|Win32
		{262DACA6-BCC0-4484-B6A6-DBECD78C5F3A}.Debug|x86.Build.0 = Debug|Win32
		{262DACA6-BCC0-4484-B6A6-DBECD78C5F3A}.Release|x64.ActiveCfg = Release|x64
		{262DACA6-BCC0-4484-B6A6-DBECD78C5F3A}.Release|x64.Build.0 = Release|x64
		{262DACA6-BCC0-4484-B6A6-DBECD78C5F3A}.Release|x86.ActiveCfg = Release|Win32
		{262DACA6-BCC0-4484-B6A6-DBECD78C5F3A}.Release|x86.Build.0 = Release|Win32
		{E33071C1-A3D4-4FC4-B9D5-24443CAC6923}.Debug|x64.ActiveCfg = Debug|x64
		{E33071C1-A3D4-4FC4-B9D5-24443CAC6923}.Debug|x64.Build.0 = Debug|x64
		{E33071C1-A3D4-4FC4-B9D5-24443CAC6923}.Debug|x86.ActiveCfg = Debug|Win32
		{E33071C1-A3D4-4FC4-B9D5-24443CAC6923}.Debug|x86.Build.0 = Debug|Win32
		{E33071C1-A3D4-4FC4-B9D5-24443CAC6923}.Release|x64.ActiveCfg = Release|x64
		{E33071C1-A3D4-4FC4-B9D5-24443CAC6923}.Release|x64.Build.0 = Release|x64
		{E33071C1-A3D4-4FC4-B9D5-24443CAC6923}.Release|x86.ActiveCfg = Release|Win32
		{E33071C1-A3D4-4FC4-B9D5-24443CAC6923}.Release|x86.Build.0 = Release|Win32
		{CABFB36B-BF3D-4F71-A180-3C754498BFEC}.Debug|x64.ActiveCfg = Debug|x64
		{CABFB36B-BF3D-4F71-A180-3C754498BFEC}.Debug|x64.Build.0 = Debug|x64
		{CABFB36B-BF3D-4F71-A180-3C754498BFEC}.Debug|x86.ActiveCfg = Debug|Win32
		{CABFB36B-BF3D-4F71-A180-3C754498BFEC}.Debug|x86.Build.0 = Debug|Win32
		{CABFB36B-BF3D-4F71-A180-3C754498BFEC}.Release|x64.ActiveCfg = Release|x64
		{CABFB36B-BF3D-4F71-A180-3C754498BFEC}.Release|x64.Build.0 = Release|x64
		{CABFB36B-BF3D-4F71-A180-3C754498BFEC}.Release|x86.ActiveCfg = Release|Win32
		{CABFB36B-BF3D-4F71-A180-3C754498BFEC}.Release|x86.Build.0 = Release|Win32
		{AB7D754B-F9F6-489C-8DB1-C98B189B88BA}.Debug|x64.ActiveCfg = Debug|x64
		{AB7D754B-F9F6-489C-8DB1-C98B189B88BA}.Debug|x64.Build.0 = Debug|x64
		{AB7D754B-F9F6-489C-8DB1-C98B189B88BA}.Debug|x86.ActiveCfg = Debug|Win32
		{AB7D754B-F9F6-489C-8DB1-C98B189B88BA}.Debug|x86.Build.0 = Debug|Win32
		{AB7D754B-F9F6-489C-8DB1-C98B189B88BA}.Release|x64.ActiveCfg = Release|x64
		{AB7D754B-F9F6-489C-8DB1-C98B189B88BA}.Release|x64.Build.0 = Release|x64
		{AB7D754B-F9F6-489C-8DB1-C98B189B88BA}.Release|x86.ActiveCfg = Release|Win32
		{AB7D754B-F9F6-489C-8DB1-C98B189B88BA}.Release|x86.Build.0 = Release|Win32
		{17C46D83-76EE-457F-B371-4A2316190D93}.Debug|x64.ActiveCfg = Debug|x64
		{17C46D83-76EE-457F-B371-4A2316190D93}.Debug|x64.Build.0 = Debug|x64
		{17C46D83-76EE-457F-B371-4A2316190D93}.Debug|x86.ActiveCfg = Debug|Win32
		{17C46D83-76EE-457F-B371-4A2316190D93}.Debug|x86.Build.0 = Debug|Win32
		{17C46D83-76EE-457F-B371-4A2316190D93}.Release|x64.ActiveCfg = Release|x64
		{17C46D83-76EE-457F-B371-4A2316190D93}.Release|x64.Build.0 = Release|x64
		{17C46D83-76EE-457F-B371-4A2316190D93}.Release|x86.ActiveCfg = Release|Win32
		{17C46D83-76EE-457F-B371-4A2316190D93}.Release|x86.Build.0 = Release|Win32
		{CBB7A0E1-38F0-4D31-BA29-633EDDC0F7B2}.Debug|x64.ActiveCfg = Debug|x64
		{CBB7A0E1-38F0-4D31-BA29-633EDDC0F7B2}.Debug|x64.Build.0 = Debug|x64
		{CBB7A0E1-38F0-4D31-BA29-633EDDC0F7B2}.Debug|x86.ActiveCfg = Debug|Win32
		{CBB7A0E1-38F0-4D31-BA29-633EDDC0F7B2}.Debug|x86.Build.0 = Debug|Win32
		{CBB7A0E1-38F0-4D31-BA29-633EDDC0F7B2}.Release|x64.ActiveCfg = Release|x64
		{CBB7A0E1-38F0-4D31-BA29-633EDDC0F7B2}.Release|x64.Build.0 = Release|x64
		{CBB7A0E1-38F0-4D31-BA29-633EDDC0F7B2}.Release|x86.ActiveCfg = Release|Win32
		{CBB7A0E1-38F0-4D31-BA29-633EDDC0F7B2}.Release|x86.Build.0 = Release|Win32
		{2A35A009-656E-46A1-B41B-1C90415BA383}.Debug|x64.ActiveCfg = Debug|x64
		{2A35A009-656E-46A1-B41B-1C90415BA383}.Debug|x64.Build.0 = Debug|x64
		{2A35A009-656E-46A1-B41B-1C90415BA383}.Debug|x86.ActiveCfg = Debug|Win32
		{2A35A009-656E-46A1-B41B-1C90415BA383}.Debug|x86.Build.0 = Debug|Win32
		{2A35A009-656E-46A1-B41B-1C90415BA383}.Release|x64.ActiveCfg = Release|x64
		{2A35A009-656E-46A1-B41B-1C90415BA383}.Release|x64.Build.0 = Release|x64
		{2A35A009-656E-46A1-B41B-1C90415BA383}.Release|x86.ActiveCfg = Release|Win32
		{2A35A009-656E-46A1-B41B-1C90415BA383}.Release|x86.Build.0 = Release|Win32
		{238280FA-53E4-42D8-BDDF-6C87D8D80EBF}.Debug|x64.ActiveCfg = Debug|x64
		{238280FA-53E4-42D8-BDDF-6C87D8D80EBF}.Debug|x64.Build.0 = Debug|x64
		{238280FA-53E4-42D8-BDDF-6C87D8D80EBF}.Debug|x86.ActiveCfg = Debug|Win32
		{238280FA-53E4-42D8-BDDF-6C87D8D80EBF}.Debug|x86.Build.0 = Debug|Win32
		{238280FA-53E4-42D8-BDDF-6C87D8D80EBF}.Release|x64.ActiveCfg = Release|x64
		{238280FA-53E4-42D8-BDDF-6C87D8D80EBF}.Release|x64.Build.0 = Release|x64
		{238280FA-53E4-42D8-BDDF-6C87D8D80EBF}.Release|x86.ActiveCfg = Release|Win32
		{238280FA-53E4-42D8-BDDF-6C87D8D80EBF}.Release|x86.Build.0 = Release|Win32
		{F73DDCE9-80F1-4DE2-BD45-7670F1AA24D8}.Debug|x64.ActiveCfg = Debug|x64
		{F73DDCE9-80F1-4DE2-BD45-7670F1AA24D8}.Debug|x64.Build.0 = Debug|x64
		{F73DDCE9-80F1-4DE2-BD45-7670F1AA24D8}.Debug|x86.ActiveCfg = Debug|Win32
		{F73DDCE9-80F1-4DE2-BD45-7670F1AA24D8}.Debug|x86.Build.0 = Debug|Win32
		{F73DDCE9-80F1-4DE2-BD45-7670F1AA24D8}.Release|x64.ActiveCfg = Release|x64
		{F73DDCE9-80F1-4DE2-BD45-7670F1AA24D8}.Release|x64.Build.0 = Release|x64
		{F73DDCE9-80F1-4DE2-BD45-7670F1AA24D8}.Release|x86.ActiveCfg = Release|Win32
		{F73DDCE9-80F1-4DE2-BD45-7670F1AA24D8}.Release|x86.Build.0 = Release|Win32
		{D42CE781-CC4E-4C80-8E7E-BFD5B1189B8E}.Debug|x64.ActiveCfg = Debug|x64
		{D42CE781-CC4E-4C80-8E7E-BFD5B1189B8E}.Debug|x64.Build.0 = Debug|x64
		{D42CE781-CC4E-4C80-8E7E-BFD5B1189B8E}.Debug|x86.ActiveCfg = Debug|Win32
		{D42CE781-CC4E-4C80-8E7E-BFD5B1189B8E}.Debug|x86.Build.0 = Debug|Win32
		{D42CE781-CC4E-4C80-8E7E-BFD5B1189B8E}.Release|x64.ActiveCfg = Release|x64
		{D42CE781-CC4E-4C80-8E7E-BFD5B1189B8E}.Release|x64.Build.0 = Release|x64
		{D42CE781-CC4E-4C80-8E7E-BFD5B1189B8E}.Release|x86.ActiveCfg = Release|Win32
		{D42CE781-CC4E-4C80-8E7E-BFD5B1189B8E}.Release|x86.Build.0 = Release|Win32
		{459EF3B8-B30B-47C2-B3DB-A4566D86B2FF}.Debug|x64.ActiveCfg = Debug|x64
		{459EF3B8-B30B-47C2-B3DB-A4566D86B2FF}.Debug|x64.Build.0 = Debug|x64
		{459EF3B8-B30B-47C2-B3DB-A4566D86B2FF}.Debug|x86.ActiveCfg = Debug|Win32
		{459EF3B8-B30B-47C2-B3DB-A4566D86B2FF}.Debug|x86.Build.0 = Debug|Win32
		{459EF3B8-B30B-47C2-B3DB-A4566D86B2FF}.Release|x64.ActiveCfg = Release|x64
		{459EF3B8-B30B-47C2-B3DB-A4566D86B2FF}.Release|x64.Build.0 = Release|x64
		{459EF3B8-B30B-47C2-B3DB-A4566D86B2FF}.Release|x86.ActiveCfg = Release|Win32
		{459EF3B8-B30B-47C2-B3DB-A4566D86B2FF}.Release|x86.Build.0 = Release|Win32
		{1D712B83-8AD7-46C2-A9ED-544568CDB1BF}.Debug|x64.ActiveCfg = Debug|x64
		{1D712B83-8AD7-46C2-A9ED-544568CDB1BF}.Debug|x64.Build.0 = Debug|x64
		{1D712B83-8AD7-46C2-A9ED-544568CDB1BF}.Debug|x86.ActiveCfg = Debug|Win32
		{1D712B83-8AD7-46C2-A9ED-544568CDB1BF}.Debug|x86.Build.0 = Debug|Win32
		{1D712B83-8AD7-46C2-A9ED-544568CDB1BF}.Release|x64.ActiveCfg = Release|x64
		{1D712B83-8AD7-46C2-A9ED-544568CDB1BF}.Release|x64.Build.0 = Release|x64
		{1D712B83-8AD7-46C2-A9ED-544568CDB1BF}.Release|x86.ActiveCfg = Release|Win32
		{1D712B83-8AD7-46C2-A9ED-544568CDB1BF}.Release|x86.Build.0 = Release|Win32
		{8BB5926D-22FA-44F3-817D-4EC6E034EAF8}.Debug|x64.ActiveCfg = Debug|x64
		{8BB5926D-22FA-44F3-817D-4EC6E034EAF8}.Debug|x64.Build.0 = Debug|x64
		{8BB5926D-22FA-44F3-817D-4EC6E034EAF8}.Debug|x86.ActiveCfg = Debug|Win32
		{8BB5926D-22FA-44F3-817D-4EC6E034EAF8}.Debug|x86.Build.0 = Debug|Win32
		{8BB5926D-22FA-44F3-817D-4EC6E034EAF8}.Release|x64.ActiveCfg = Release|x64
		{8BB5926D-22FA-44F3-817D-4EC6E034EAF8}.Release|x64.Build.0 = Release|x64
		{8BB5926D-22FA-44F3-817D-4EC6E034EAF8}.Release|x86.ActiveCfg = Release|Win32
		{8BB5926D-22FA-44F3-817D-4EC6E034EAF8}.Release|x86.Build.0 = Release|Win32
		{2FBF58A4-41FD-495B-964C-9E981DC19021}.Debug|x64.ActiveCfg = Debug|x64
		{2FBF58A4-41FD-495B-964C-9E981DC19021}.Debug|x64.Build.0 = Debug|x64
		{2FBF58A4-41FD-495B-964C-9E981DC19021}.Debug|x86.ActiveCfg = Debug|Win32
		{2FBF58A4-41FD-495B-964C-9E981DC19021}.Debug|x86.Build.0 = Debug|Win32
		{2FBF58A4-41FD-495B-964C-9E981DC19021}.Release|x64.ActiveCfg = Release|x64
		{2FBF58A4-41FD-495B-964C-9E981DC19021}.Release|x64.Build.0 = Release|x64
		{2FBF58A4-41FD-495B-964C-9E981DC19021}.Release|x86.ActiveCfg = Release|Win32
		{2FBF58A4-41FD-495B-964C-9E981DC19021}.Release|x86.Build.0 = Release|Win32
		{B932FD64-CEC0-4AA9-928E-C7CFBBC0A231}.Debug|x64.ActiveCfg = Debug|x64
		{B932FD64-CEC0-4AA9-928E-C7CFBBC0A231}.Debug|x64.Build.0 = Debug|x64
		{B932FD64-CEC0-4AA9-928E-C7CFBBC0A231}.Debug|x86.ActiveCfg = Debug|Win32
		{B932FD64-CEC0-4AA9-928E-C7CFBBC0A231}.Debug|x86.Build.0 = Debug|Win32
		{B932FD64-CEC0-4AA9-928E-C7CFBBC0A231}.Release|x64.ActiveCfg = Release|x64
		{B932FD64-CEC0-4AA9-928E-C7CFBBC0A231}.Release|x64.Build.0 = Release|x64
		{B932FD64-CEC0-4AA9-928E-C7CFBBC0A231}.Release|x86.ActiveCfg = Release|Win32
		{B932FD64-CEC0-4AA9-928E-C7CFBBC0A231}.Release|x86.Build.0 = Release|Win32
		{D56CB749-EBC4-4223-B4D5-E87A8B2637CF}.Debug|x64.ActiveCfg = Debug|x64
		{D56CB749-EBC4-4223-B4D5-E87A8B2637CF}.Debug|x64.Build.0 = Debug|x64
		{D56CB749-EBC4-4223-B4D5-E87A8B2637CF}.Debug|x86.ActiveCfg = Debug|Win32
		{D56CB749-EBC4-4223-B4D5-E87A8B2637CF}.Debug|x86.Build.0 = Debug|Win32
		{D56CB749-EBC4-4223-B4D5-E87A8B2637CF}.Release|x64.ActiveCfg = Release|x64
		{D56CB749-EBC4-4223-B4D5-E87A8B2637CF}.Release|x64.Build.0 = Release|x64
		{D56CB749-EBC4-4223-B4D5-E87A8B2637CF}.Release|x86.ActiveCfg = Release|Win32
		{D56CB749-EBC4-4223-B4D5-E87A8B2637CF}.Release|x86.Build.0 = Release|Win32
		{0B8B9C20-1539-4552-9C48-B93EB1282B9A}.Debug|x64.ActiveCfg = Debug|x64
		{0B8B9C20-1539-4552-9C48-B93EB1282B9A}.Debug|x64.Build.0 = Debug|x64
		{0B8B9C20-1539-4552-9C48-B93EB1282B9A}.Debug|x86.ActiveCfg = Debug|Win32
		{0B8B9C20-1539-4552-9C48-B93EB1282B9A}.Debug|x86.Build.0 = Debug|Win32
		{0B8B9C20-1539-4552-9C48-B93EB1282B9A}.Release|x64.ActiveCfg = Release|x64
		{0B8B9C20-1539-4552-9C48-B93EB1282B9A}.Release|x64.Build.0 = Release|x64
		{0B8B9C20-1539-4552-9C48-B93EB1282B9A}.Release|x86.ActiveCfg = Release|Win32
		{0B8B9C20-1539-4552-9C48-B93EB1282B9A}.Release|x86.Build.0 = Release|Win32
		{37485B0E-2772-41ED-B70A-E305C454C382}.Debug|x64.ActiveCfg = Debug|x64
		{37485B0E-2772-41ED-B70A-E305C454C382}.Debug|x64.Build.0 = Debug|x64
		{37485B0E-2772-41ED-B70A-E305C454C382}.Debug|x86.ActiveCfg = Debug|Win32
		{37485B0E-2772-41ED-B70A-E305C454C382}.Debug|x86.Build.0 = Debug|Win32
		{37485B0E-2772-41ED-B70A-E305C454C382}.Release|x64.ActiveCfg = Release|x64
		{37485B0E-2772-41ED-B70A-E305C454C382}.Release|x64.Build.0 = Release|x64
		{37485B0E-2772-41ED-B70A-E305C454C382}.Release|x86.ActiveCfg = Release|Win32
		{37485B0E-2772-41ED-B70A-E305C454C382}.Release|x86.Build.0 = Release|Win32
		{7FCD98FA-6283-4E2F-BA0F-085A05DDF7FC}.Debug|x64.ActiveCfg = Debug|x64
		{7FCD98FA-6283-4E2F-BA0F-085A05DDF7FC}.Debug|x64.Build.0 = Debug|x64
		{7FCD98FA-6283-4E2F-BA0F-085A05DDF7FC}.Debug|x86.ActiveCfg = Debug|Win32
		{7FCD98FA-6283-4E2F-BA0F-085A05DDF7FC}.Debug|x86.Build.0 = Debug|Win32
		{7FCD98FA-6283-4E2F-BA0F-085A05DDF7FC}.Release|x64.ActiveCfg = Release|x64
		{7FCD98FA-6283-4E2F-BA0F-085A05DDF7FC}.Release|x64.Build.0 = Release|x64
		{7FCD98FA-6283-4E2F-BA0F-085A05DDF7FC}.Release|x86.ActiveCfg = Release|Win32
		{7FCD98FA-6283-4E2F-BA0F-085A05DDF7FC}.Release|x86.Build.0 = Release|Win32
		{AD6C662F-2033-4E4A-8294-52DEF349BB45}.Debug|x64.ActiveCfg = Debug|x64
		{AD6C662F-2033-4E4A-8294-52DEF349BB45}.Debug|x64.Build.0 = Debug|x64
		{AD6C662F-2033-4E4A-8294-52DEF349BB45}.Debug|x86.ActiveCfg = Debug|Win32
		{AD6C662F-2033-4E4A-8294-52DEF349BB45}.Debug|x86.Build.0 = Debug|Win32
		{AD6C662F-2033-4E4A-8294-52DEF349BB45}.Release|x64.ActiveCfg = Release|x64
		{AD6C662F-2033-4E4A-8294-52DEF349BB45}.Release|x64.Build.0 = Release|x64
		{AD6C662F-2033-4E4A-8294-52DEF349BB45}.Release|x86.ActiveCfg = Release|Win32
		{AD6C662F-2033-4E4A-8294-52DEF349BB45}.Release|x86.Build.0 = Release|Win32
		{2E5A5B20-4D36-4C19-86EA-3699FFBCFB2F}.Debug|x64.ActiveCfg = Debug|x64
		{2E5A5B20-4D36-4C19-86EA-3699FFBCFB2F}.Debug|x64.Build.0 = Debug|x64
		{2E5A5B20-4D36-4C19-86EA-3699FFBCFB2F}.Debug|x86.ActiveCfg = Debug|Win32
		{2E5A5B20-4D36-4C19-86EA-3699FFBCFB2F}.Debug|x86.Build.0 = Debug|Win32
		{2E5A5B20-4D36-4C19-86EA-3699FFBCFB2F}.Release|x64.ActiveCfg = Release|x64
		{2E5A5B20-4D36-4C19-86EA-3699FFBCFB2F}.Release|x64.Build.0 = Release|x64
		{2E5A5B20-4D36-4C19-86EA-3699FFBCFB2F}.Release|x86.ActiveCfg = Release|Win32
		{2E5A5B20-4D36-4C19-86EA-3699FFBCFB2F}.Release|x86.Build.0 = Release|Win32
		{2880F8D3-EEC9-41AB-8E60-CE265BA9A881}.Debug|x64.ActiveCfg = Debug|x64
		{2880F8D3-EEC9-41AB-8E60-CE265BA9A881}.Debug|x64.Build.0 = Debug|x64
		{2880F8D3-EEC9-41AB-8E60-CE265BA9A881}.Debug|x86.ActiveCfg = Debug|Win32
		{2880F8D3-EEC9-41AB-8E60-CE265BA9A881}.Debug|x86.Build.0 = Debug|Win32
		{2880F8D3-EEC9-41AB-8E60-CE265BA9A881}.Release|x64.ActiveCfg = Release|x64
		{2880F8D3-EEC9-41AB-8E60-CE265BA9A881}.Release|x64.Build.0 = Release|x64
		{2880F8D3-EEC9-41AB-8E60-CE265BA9A881}.Release|x86.ActiveCfg = Release|Win32
		{2880F8D3-EEC9-41AB-8E60-CE265BA9A881}.Release|x86.Build.0 = Release|Win32
		{B9CBA43D-4D29-4BD4-B63D-4DBE27A30AD2}.Debug|x64.ActiveCfg = Debug|x64
		{B9CBA43D-4D29-4BD4-B63D-4DBE27A30AD2}.Debug|x64.Build.0 = Debug|x64
		{B9CBA43D-4D29-4BD4-B63D-4DBE27A30AD2}.Debug|x86.ActiveCfg = Debug|Win32
		{B9CBA43D-4D29-4BD4-B63D-4DBE27A30AD2}.Debug|x86.Build.0 = Debug|Win32
		{B9CBA43D-4D29-4BD4-B63D-4DBE27A30AD2}.Release|x64.ActiveCfg = Release|x64
		{B9CBA43D-4D29-4BD4-B63D-4DBE27A30AD2}.Release|x64.Build.0 = Release|x64
		{B9CBA43D-4D29-4BD4-B63D-4DBE27A30AD2}.Release|x86.ActiveCfg = Release|Win32
		{B9CBA43D-4D29-4BD4-B63D-4DBE27A30AD2}.Release|x86.Build.0 = Release|Win32
		{E644714A-17C9-4DF8-929F-AF0DEBB70208}.Debug|x64.ActiveCfg = Debug|x64
		{E644714A-17C9-4DF8-929F-AF0DEBB70208}.Debug|x64.Build.0 = Debug|x64
		{E644714A-17C9-4DF8-929F-AF0DEBB70208}.Debug|x86.ActiveCfg = Debug|Win32
		{E644714A-17C9-4DF8-929F-AF0DEBB70208}.Debug|x86.Build.0 = Debug|Win32
		{E644714A-17C9-4DF8-929F-AF0DEBB70208}.Release|x64.ActiveCfg = Release|x64
		{E644714A-17C9-4DF8-929F-AF0DEBB70208}.Release|x64.Build.0 = Release|x64
		{E644714A-17C9-4DF8-929F-AF0DEBB70208}.Release|x86.ActiveCfg = Release|Win32
		{E644714A-17C9-4DF8-929F-AF0DEBB70208}.Release|x86.Build.0 = Release|Win32
		{0FC101A6-8CCE-43E5-9225-291D3D39A068}.Debug|x64.ActiveCfg = Debug|x64
		{0FC101A6-8CCE-43E5-9225-291D3D39A068}.Debug|x64.Build.0 = Debug|x64
		{0FC101A6-8CCE-43E5-9225-291D3D39A068}.Debug|x86.ActiveCfg = Debug|Win32
		{0FC101A6-8CCE-43E5-9225-291D3D39A068}.Debug|x86.Build.0 = Debug|Win32
		{0FC101A6-8CCE-43E5-9225-291D3D39A068}.Release|x64.ActiveCfg = Release|x64
		{0FC101A6-8CCE-43E5-9225-291D3D39A068}.Release|x64.Build.0 = Release|x64
		{0FC101A6-8CCE-43E5-9225-291D3D39A068}.Release|x86.ActiveCfg = Release|Win32
		{0FC101A6-8CCE-43E5-9225-291D3D39A068}.Release|x86.Build.0 = Release|Win32
		{944AD5AD-CEE3-4FBC-A813-EEEFF1D1BA78}.Debug|x64.ActiveCfg = Debug|x64
		{944AD5AD-CEE3-4FBC-A813-EEEFF1D1BA78}.Debug|x64.Build.0 = Debug|x64
		{944AD5AD-CEE3-4FBC-A813-EEEFF1D1BA78}.Debug|x86.ActiveCfg = Debug|Win32
		{944AD5AD-CEE3-4FBC-A813-EEEFF1D1BA78}.Debug|x86.Build.0 = Debug|Win32
		{944AD5AD-CEE3-4FBC-A813-EEEFF1D1BA78}.Release|x64.ActiveCfg = Release|x64
		{944AD5AD-CEE3-4FBC-A813-EEEFF1D1BA78}.Release|x64.Build.0 = Release|x64
		{944AD5AD-CEE3-4FBC-A813-EEEFF1D1BA78}.Release|x86.ActiveCfg = Release|Win32
		{944AD5AD-CEE3-4FBC-A813-EEEFF1D1BA78}.Release|x86.Build.0 = Release|Win32
		{8E3228C0-D309-4119-9860-54EA1E3F8F06}.Debug|x64.ActiveCfg = Debug|x64
		{8E3228C0-D309-4119-9860-54EA1E3F8F06}.Debug|x64.Build.0 = Debug|x64
		{8E3228C0-D309-4119-9860-54EA1E3F8F06}.Debug|x86.ActiveCfg = Debug|Win32
		{8E3228C0-D309-4119-9860-54EA1E3F8F06}.Debug|x86.Build.0 = Debug|Win32
		{8E3228C0-D309-4119-9860-54EA1E3F8F06}.Release|x64.ActiveCfg = Release|x64
		{8E3228C0-D309-4119-9860-54EA1E3F8F06}.Release|x64.Build.0 = Release|x64
		{8E3228C0-D309-4119-9860-54EA1E3F8F06}.Release|x86.ActiveCfg = Release|Win32
		{8E3228C0-D309-4119-9860-54EA1E3F8F06}.Release|x86.Build.0 = Release|Win32
		{AAC20289-CC0D-44FD-81C1-166880D5ABD2}.Debug|x64.ActiveCfg = Debug|x64
		{AAC20289-CC0D-44FD-81C1-166880D5ABD2}.Debug|x64.Build.0 = Debug|x64
		{AAC20289-CC0D-44FD-81C1-166880D5ABD2}.Debug|x86.ActiveCfg = Debug|Win32
		{AAC20289-CC0D-44FD-81C1-166880D5ABD2}.Debug|x86.Build.0 = Debug|Win32
		{AAC20289-CC0D-44FD-81C1-166880D5ABD2}.Release|x64.ActiveCfg = Release|x64
		{AAC20289-CC0D-44FD-81C1-166880D5ABD2}.Release|x64.Build.0 = Release|x64
		{AAC20289-CC0D-44FD-81C1-166880D5ABD2}.Release|x86.ActiveCfg = Release|Win32
		{AAC20289-CC0D-44FD-81C1-166880D5ABD2}.Release|x86.Build.0 = Release|Win32
		{56679ED5-909E-45DF-BC5F-F17658EF1410}.Debug|x64.ActiveCfg = Debug|x64
		{56679ED5-909E-45DF-BC5F-F17658EF1410}.Debug|x64.Build.0 = Debug|x64
		{56679ED5-909E-45DF-BC5F-F17658EF1410}.Debug|x86.ActiveCfg = Debug|Win32
		{56679ED5-909E-45DF-BC5F-F17658EF1410}.Debug|x86.Build.0 = Debug|Win32
		{56679ED5-909E-45DF-BC5F-F17658EF1410}.Release|x64.ActiveCfg = Release|x64
		{56679ED5-909E-45DF-BC5F-F17658EF1410}.Release|x64.Build.0 = Release|x64
		{56679ED5-909E-45DF-BC5F-F17658EF1410}.Release|x86.ActiveCfg = Release|Win32
		{56679ED5-909E-45DF-BC5F-F17658EF1410}.Release|x86.Build.0 = Release|Win32
		{BCAE24F4-D5FC-4E23-A9CA-64BCBEF60D88}.Debug|x64.ActiveCfg = Debug|x64
		{BCAE24F4-D5FC-4E23-A9CA-64BCBEF60D88}.Debug|x64.Build.0 = Debug|x64
		{BCAE24F4-D5FC-4E23-A9CA-64BCBEF60D88}.Debug|x86.ActiveCfg = Debug|Win32
		{BCAE24F4-D5FC-4E23-A9CA-64BCBEF60D88}.Debug|x86.Build.0 = Debug|Win32
		{BCAE24F4-D5FC-4E23-A9CA-64BCBEF60D88}.Release|x64.ActiveCfg = Release|x64
		{BCAE24F4-D5FC-4E23-A9CA-64BCBEF60D88}.Release|x64.Build.0 = Release|x64
		{BCAE24F4-D5FC-4E23-A9CA-64BCBEF60D88}.Release|x86.ActiveCfg = Release|Win32
		{BCAE24F4-D5FC-4E23-A9CA-64BCBEF60D88}.Release|x86.Build.0 = Release|Win32
		{9BD52E0A-4244-4411-8483-F62A526DF898}.Debug|x64.ActiveCfg = Debug|x64
		{9BD52E0A-4244-4411-8483-F62A526DF898}.Debug|x64.Build.0 = Debug|x64
		{9BD52E0A-4244-4411-8483-F62A526DF898}.Debug|x86.ActiveCfg = Debug|Win32
		{9BD52E0A-4244-4411-8483-F62A526DF898}.Debug|x86.Build.0 = Debug|Win32
		{9BD52E0A-4244-4411-8483-F62A526DF898}.Release|x64.ActiveCfg = Release|x64
		{9BD52E0A-4244-4411-8483-F62A526DF898}.Release|x64.Build.0 = Release|x64
		{9BD52E0A-4244-4411-8483-F62A526DF898}.Release|x86.ActiveCfg = Release|Win32
		{9BD52E0A-4244-4411-8483-F62A526DF898}.Release|x86.Build.0 = Release|Win32
		{0EC7BBCB-4127-4835-BFE9-94CB5CE5179E}.Debug|x64.ActiveCfg = Debug|x64
		{0EC7BBCB-4127-4835-BFE9-94CB5CE5179E}.Debug|x64.Build.0 = Debug|x64
		{0EC7BBCB-4127-4835-BFE9-94CB5CE5179E}.Debug|x86.ActiveCfg = Debug|Win32
		{0EC7BBCB-4127-4835-BFE9-94CB5CE5179E}.Debug|x86.Build.0 = Debug|Win32
		{0EC7BBCB-4127-4835-BFE9-94CB5CE5179E}.Release|x64.ActiveCfg = Release|x64
		{0EC7BBCB-4127-4835-BFE9-94CB5CE5179E}.Release|x64.Build.0 = Release|x64
		{0EC7BBCB-4127-4835-BFE9-94CB5CE5179E}.Release|x86.ActiveCfg = Release|Win32
		{0EC7BBCB-4127-4835-BFE9-94CB5CE5179E}.Release|x86.Build.0 = Release|Win32
		{E1CF6EB2-E03E-4410-BB4C-62F68534BE17}.Debug|x64.ActiveCfg = Debug|x64
		{E1CF6EB2-E03E-4410-BB4C-62F68534BE17}.Debug|x64.Build.0 = Debug|x64
		{E1CF6EB2-E03E-4410-BB4C-62F68534BE17}.Debug|x86.ActiveCfg = Debug|Win32
		{E1CF6EB2-E03E-4410-BB4C-62F68534BE17}.Debug|x86.Build.0 = Debug|Win32
		{E1CF6EB2-E03E-4410-BB4C-62F68534BE17}.Release|x64.ActiveCfg = Release|x64
		{E1CF6EB2-E03E-4410-BB4C-62F68534BE17}.Release|x64.Build.0 = Release|x64
		{E1CF6EB2-E03E-4410-BB4C-62F68534BE17}.Release|x86.ActiveCfg = Release|Win32
		{E1CF6EB2-E03E-4410-BB4C-62F68534BE17}.Release|x86.Build.0 = Release|Win32
		{50E0EC5E-2F10-4F5B-9126-1E7CB888A738}.Debug|x64.ActiveCfg = Debug|x64
		{50E0EC5E-2F10-4F5B-9126-1E7CB888A738}.Debug|x64.Build.0 = Debug|x64
		{50E0EC5E-2F10-4F5B-9126-1E7CB888A738}.Debug|x86.ActiveCfg = Debug|Win32
		{50E0EC5E-2F10-4F5B-9126-1E7CB888A738}.Debug|x86.Build.0 = Debug|Win32
		{50E0EC5E-2F10-4F5B-9126-1E7CB888A738}.Release|x64.ActiveCfg = Release|x64
		{50E0EC5E-2F10-4F5B-9126-1E7CB888A738}.Release|x64.Build.0 = Release|x64
		{50E0EC5E-2F10-4F5B-9126-1E7CB888A738}.Release|x86.ActiveCfg = Release|Win32
		{50E0EC5E-2F10-4F5B-9126-1E7CB888A738}.Release|x86.Build.0 = Release|Win32
		{969664A3-59EF-4F25-8042-97F7355C8788}.Debug|x64.ActiveCfg = Debug|x64
		{969664A3-59EF-4F25-8042-97F7355C8788}.Debug|x64.Build.0 = Debug|x64
		{969664A3-59EF-4F25-8042-97F7355C8788}.Debug|x86.ActiveCfg = Debug|Win32
		{969664A3-59EF-4F25-8042-97F7355C8788}.Debug|x86.Build.0 = Debug|Win32
		{969664A3-59EF-4F25-8042-97F7355C8788}.Release|x64.ActiveCfg = Release|x64
		{969664A3-59EF-4F25-8042-97F7355C8788}.Release|x64.Build.0 = Release|x64
		{969664A3-59EF-4F25-8042-97F7355C8788}.Release|x86.ActiveCfg = Release|Win32
		{969664A3-59EF-4F25-8042-97F7355C8788}.Release|x86.Build.0 = Release|Win32
		{2332E491-5995-47AA-A652-3BD2BED85B59}.Debug|x64.ActiveCfg = Debug|x64
		{2332E491-5995-47AA-A652-3BD2BED85B59}.Debug|x64.Build.0 = Debug|x64
		{2332E491-5995-47AA-A652-3BD2BED85B59}.Debug|x86.ActiveCfg = Debug|Win32
		{2332E491-5995-47AA-A652-3BD2BED85B59}.Debug|x86.Build.0 = Debug|Win32
		{2332E491-5995-47AA-A652-3BD2BED85B59}.Release|x64.ActiveCfg = Release|x64
		{2332E491-5995-47AA-A652-3BD2BED85B59}.Release|x64.Build.0 = Release|x64
		{2332E491-5995-47AA-A652-3BD2BED85B59}.Release|x86.ActiveCfg = Release|Win32
		{2332E491-5995-47AA-A652-3BD2BED85B59}.Release|x86.Build.0 = Release|Win32
		{891C6636-864F-41F9-A5B6-C721E2BAD14D}.Debug|x64.ActiveCfg = Debug|x64
		{891C6636-864F-41F9-A5B6-C721E2BAD14D}.Debug|x64.Build.0 = Debug|x64
		{891C6636-864F-41F9-A5B6-C721E2BAD14D}.Debug|x86.ActiveCfg = Debug|Win32
		{891C6636-864F-41F9-A5B6-C721E2BAD14D}.Debug|x86.Build.0 = Debug|Win32
		{891C6636-864F-41F9-A5B6-C721E2BAD14D}.Release|x64.ActiveCfg = Release|x64
		{891C6636-864F-41F9-A5B6-C721E2BAD14D}.Release|x64.Build.0 = Release|x64
		{891C6636-864F-41F9-A5B6-C721E2BAD14D}.Release|x86.ActiveCfg = Release|Win32
		{891C6636-864F-41F9-A5B6-C721E2BAD14D}.Release|x86.Build.0 = Release|Win32
		{E2FB3B78-6F8F-493B-AF6C-416AB642859A}.Debug|x64.ActiveCfg = Debug|x64
		{E2FB3B78-6F8F-493B-AF6C-416AB642859A}.Debug|x64.Build.0 = Debug|x64
		{E2FB3B78-6F8F-493B-AF6C-416AB642859A}.Debug|x86.ActiveCfg = Debug|Win32
		{E2FB3B78-6F8F-493B-AF6C-416AB642859A}.Debug|x86.Build.0 = Debug|Win32
		{E2FB3B78-6F8F-493B-AF6C-416AB642859A}.Release|x64.ActiveCfg = Release|x64
		{E2FB3B78-6F8F-493B-AF6C-416AB642859A}.Release|x64.Build.0 = Release|x64
		{E2FB3B78-6F8F-493B-AF6C-416AB642859A}.Release|x86.ActiveCfg = Release|Win32
		{E2FB3B78-6F8F-493B-AF6C-416AB642859A}.Release|x86.Build.0 = Release|Win32
		{FCF030C4-F239-4A87-9E2E-F5CC4209E382}.Debug|x64.ActiveCfg = Debug|x64
		{FCF030C4-F239-4A87-9E2E-F5CC4209E382}.Debug|x64.Build.0 = Debug|x64
		{FCF030C4-F239-4A87-9E2E-F5CC4209E382}.Debug|x86.ActiveCfg = Debug|Win32
		{FCF030C4-F239-4A87-9E2E-F5CC4209E382}.Debug|x86.Build.0 = Debug|Win32
		{FCF030C4-F239-4A87-9E2E-F5CC4209E382}.Release|x64.ActiveCfg = Release|x64
		{FCF030C4-F239-4A87-9E2E-F5CC4209E382}.Release|x64.Build.0 = Release|x64
		{FCF030C4-F239-4A87-9E2E-F5CC4209E382}.Release|x86.ActiveCfg = Release|Win32
		{FCF030C4-F239-4A87-9E2E-F5CC4209E382}.Release|x86.Build.0 = Release|Win32
		{6A011564-108C-45C3-92C3-0CF819A79314}.Debug|x64.ActiveCfg = Debug|x64
		{6A011564-108C-45C3-92C3-0CF819A79314}.Debug|x64.Build.0 = Debug|x64
		{6A011564-108C-45C3-92C3-0CF819A79314}.Debug|x86.ActiveCfg = Debug|Win32
		{6A011564-108C-45C3-92C3-0CF819A79314}.Debug|x86.Build.0 = Debug|Win32
		{6A011564-108C-45C3-92C3-0CF819A79314}.Release|x64.ActiveCfg = Release|x64
		{6A011564-108C-45C3-92C3-0CF819A79314}.Release|x64.Build.0 = Release|x64
		{6A011564-108C-45C3-92C3-0CF819A79314}.Release|x86.ActiveCfg = Release|Win32
		{6A011564-108C-45C3-92C3-0CF819A79314}.Release|x86.Build.0 = Release|Win32
		{E3E9ADD8-7E97-4BD6-96C4-C60FCA28433D}.Debug|x64.ActiveCfg = Debug|x64
		{E3E9ADD8-7E97-4BD6-96C4-C60FCA28433D}.Debug|x64.Build.0 = Debug|x64
		{E3E9ADD8-7E97-4BD6-96C4-C60FCA28433D}.Debug|x86.ActiveCfg = Debug|Win32
		{E3E9ADD8-7E97-4BD6-96C4-C60FCA28433D}.Debug|x86.Build.0 = Debug|Win32
		{E3E9ADD8-7E97-4BD6-96C4-C60FCA28433D}.Release|x64.ActiveCfg = Release|x64
		{E3E9ADD8-7E97-4BD6-96C4-C60FCA28433D}.Release|x64.Build.0 = Release|x64
		{E3E9ADD8-7E97-4BD6-96C4-C60FCA28433D}.Release|x86.ActiveCfg = Release|Win32
		{E3E9ADD8-7E97-4BD6-96C4-C60FCA28433D}.Release|x86.Build.0 = Release|Win32
		{B1D95150-8C4E-4B61-A416-E52AFA44DEA2}.Debug|x64.ActiveCfg = Debug|x64
		{B1D95150-8C4E-4B61-A416-E52AFA44DEA2}.Debug|x64.Build.0 = Debug|x64
		{B1D95150-8C4E-4B61-A416-E52AFA44DEA2}.Debug|x86.ActiveCfg = Debug|Win32
		{B1D95150-8C4E-4B61-A416-E52AFA44DEA2}.Debug|x86.Build.0 = Debug|Win32
		{B1D95150-8C4E-4B61-A416-E52AFA44DEA2}.Release|x64.ActiveCfg = Release|x64
		{B1D95150-8C4E-4B61-A416-E52AFA44DEA2}.Release|x64.Build.0 = Release|x64
		{B1D95150-8C4E-4B61-A416-E52AFA44DEA2}.Release|x86.ActiveCfg = Release|Win32
		{B1D95150-8C4E-4B61-A416-E52AFA44DEA2}.Release|x86.Build.0 = Release|Win32
		{C65BC91F-A0A3-42D3-9DE4-A4839A69A2D5}.Debug|x64.ActiveCfg = Debug|x64
		{C65BC91F-A0A3-42D3-9DE4-A4839A69A2D5}.Debug|x64.Build.0 = Debug|x64
		{C65BC91F-A0A3-42D3-9DE4-A4839A69A2D5}.Debug|x86.ActiveCfg = Debug|Win32
		{C65BC91F-A0A3-42D3-9DE4-A4839A69A2D5}.Debug|x86.Build.0 = Debug|Win32
		{C65BC91F-A0A3-42D3-9DE4-A4839A69A2D5}.Release|x64.ActiveCfg = Release|x64
		{C65BC91F-A0A3-42D3-9DE4-A4839A69A2D5}.Release|x64.Build.0 = Release|x64
		{C65BC91F-A0A3-42D3-9DE4-A4839A69A2D5}.Release|x86.ActiveCfg = Release|Win32
		{C65BC91F-A0A3-42D3-9DE4-A4839A69A2D5}.Release|x86.Build.0 = Release|Win32
		{4F7A9657-4A28-4CD9-B5B8-FC1CC463A6F5}.Debug|x64.ActiveCfg = Debug|x64
		{4F7A9657-4A28-4CD9-B5B8-FC1CC463A6F5}.Debug|x64.Build.0 = Debug|x64
		{4F7A9657-4A28-4CD9-B5B8-FC1CC463A6F5}.Debug|x86.ActiveCfg = Debug|Win32
		{4F7A9657-4A28-4CD9-B5B8-FC1CC463A6F5}.Debug|x86.Build.0 = Debug|Win32
		{4F7A9657-4A28-4CD9-B5B8-FC1CC463A6F5}.Release|x64.ActiveCfg = Release|x64
		{4F7A9657-4A28-4CD9-B5B8-FC1CC463A6F5}.Release|x64.Build.0 = Release|x64
		{4F7A9657-4A28-4CD9-B5B8-FC1CC463A6F5}.Release|x86.ActiveCfg = Release|Win32
		{4F7A9657-4A28-4CD9-B5B8-FC1CC463A6F5}.Release|x86.Build.0 = Release|Win32
		{B9F15E75-F3D5-43F6-A9B5-036DF6A8B357}.Debug|x64.ActiveCfg = Debug|x64
		{B9F15E75-F3D5-43F6-A9B5-036DF6A8B357}.Debug|x64.Build.0 = Debug|x64
		{B9F15E75-F3D5-43F6-A9B5-036DF6A8B357}.Debug|x86.ActiveCfg = Debug|Win32
		{B9F15E75-F3D5-43F6-A9B5-036DF6A8B357}.Debug|x86.Build.0 = Debug|Win32
		{B9F15E75-F3D5-43F6-A9B5-036DF6A8B357}.Release|x64.ActiveCfg = Release|x64
		{B9F15E75-F3D5-43F6-A9B5-036DF6A8B357}.Release|x64.Build.0 = Release|x64
		{B9F15E75-F3D5-43F6-A9B5-036DF6A8B357}.Release|x86.ActiveCfg = Release|Win32
		{B9F15E75-F3D5-43F6-A9B5-036DF6A8B357}.Release|x86.Build.0 = Release|Win32
		{BDB6CF97-7491-41C0-90E6-0DD9F73E195B}.Debug|x64.ActiveCfg = Debug|x64
		{BDB6CF97-7491-41C0-90E6-0DD9F73E195B}.Debug|x64.Build.0 = Debug|x64
		{BDB6CF97-7491-41C0-90E6-0DD9F73E195B}.Debug|x86.ActiveCfg = Debug|Win32
		{BDB6CF97-7491-41C0-90E6-0DD9F73E195B}.Debug|x86.Build.0 = Debug|Win32
		{BDB6CF97-7491-41C0-90E6-0DD9F73E195B}.Release|x64.ActiveCfg = Release|x64
		{BDB6CF97-7491-41C0-90E6-0DD9F73E195B}.Release|x64.Build.0 = Release|x64
		{BDB6CF97-7491-41C0-90E6-0DD9F73E195B}.Release|x86.ActiveCfg = Release|Win32
		{BDB6CF97-7491-41C0-90E6-0DD9F73E195B}.Release|x86.Build.0 = Release|Win32
		{FB051FF7-6D1E-4673-8B85-58FBFF7D8695}.Debug|x64.ActiveCfg = Debug|x64
		{FB051FF7-6D1E-4673-8B85-58FBFF7D8695}.Debug|x64.Build.0 = Debug|x64
		{FB051FF7-6D1E-4673-8B85-58FBFF7D8695}.Debug|x86.ActiveCfg = Debug|Win32
		{FB051FF7-6D1E-4673-8B85-58FBFF7D8695}.Debug|x86.Build.0 = Debug|Win32
		{FB051FF7-6D1E-4673-8B85-58FBFF7D8695}.Release|x64.ActiveCfg = Release|x64
		{FB051FF7-6D1E-4673-8B85-58FBFF7D8695}.Release|x64.Build.0 = Release|x64
		{FB051FF7-6D1E-4673-8B85-58FBFF7D8695}.Release|x86.ActiveCfg = Release|Win32
		{FB051FF7-6D1E-4673-8B85-58FBFF7D8695}.Release|x86.Build.0 = Release|Win32
		{F7065C20-52C2-4648-8908-9C0E582C57B0}.Debug|x64.ActiveCfg = Debug|x64
		{F7065C20-52C2-4648-8908-9C0E582C57B0}.Debug|x64.Build.0 = Debug|x64
		{F7065C20-52C2-4648-8908-9C0E582C57B0}.Debug|x86.ActiveCfg = Debug|Win32
		{F7065C20-52C2-4648-8908-9C0E582C57B0}.Debug|x86.Build.0 = Debug|Win32
		{F7065C20-52C2-4648-8908-9C0E582C57B0}.Release|x64.ActiveCfg = Release|x64
		{F7065C20-52C2-4648-8908-9C0E582C57B0}.Release|x64.Build.0 = Release|x64
		{F7065C20-52C2-4648-8908-9C0E582C57B0}.Release|x86.ActiveCfg = Release|Win32
		{F7065C20-52C2-4648-8908-9C0E582C57B0}.Release|x86.Build.0 = Release|Win32
		{20D05AE6-9ED3-4DDB-9DB8-94A09A633E1C}.Debug|x64.ActiveCfg = Debug|x64
		{20D05AE6-9ED3-4DDB-9DB8-94A09A633E1C}.Debug|x64.Build.0 = Debug|x64
		{20D05AE6-9ED3-4DDB-9DB8-94A09A633E1C}.Debug|x86.ActiveCfg = Debug|Win32
		{20D05AE6-9ED3-4DDB-9DB8-94A09A633E1C}.Debug|x86.Build.0 = Debug|Win32
		{20D05AE6-9ED3-4DDB-9DB8-94A09A633E1C}.Release|x64.ActiveCfg = Release|x64
		{20D05AE6-9ED3-4DDB-9DB8-94A09A633E1C}.Release|x64.Build.0 = Release|x64
		{20D05AE6-9ED3-4DDB-9DB8-94A09A633E1C}.Release|x86.ActiveCfg = Release|Win32
		{20D05AE6-9ED3-4DDB-9DB8-94A09A633E1C}.Release|x86.Build.0 = Release|Win32
		{2EC91BD9-E9CA-4576-B90C-EA5ECEDD4DE1}.Debug|x64.ActiveCfg = Debug|x64
		{2EC91BD9-E9CA-4576-B90C-EA5ECEDD4DE1}.Debug|x64.Build.0 = Debug|x64
		{2EC91BD9-E9CA-4576-B90C-EA5ECEDD4DE1}.Debug|x86.ActiveCfg = Debug|Win32
		{2EC91BD9-E9CA-4576-B90C-EA5ECEDD4DE1}.Debug|x86.Build.0 = Debug|Win32
		{2EC91BD9-E9CA-4576-B90C-EA5ECEDD4DE1}.Release|x64.ActiveCfg = Release|x64
		{2EC91BD9-E9CA-4576-B90C-EA5ECEDD4DE1}.Release|x64.Build.0 = Release|x64
		{2EC91BD9-E9CA-4576-B90C-EA5ECEDD4DE1}.Release|x86.ActiveCfg = Release|Win32
		{2EC91BD9-E9CA-4576-B90C-EA5ECEDD4DE1}.Release|x86.Build.0 = Release|Win32
	EndGlobalSection
	GlobalSection(SolutionProperties) = preSolution
		HideSolutionNode = FALSE
	EndGlobalSection
	GlobalSection(NestedProjects) = preSolution
		{F9824FF4-8E21-4D7E-BE10-114B06FE7539} = {23466F59-E908-4EFA-835D-064E20A4117E}
		{BDAF2C2F-6B72-42F1-A224-1D914A6F7636} = {23466F59-E908-4EFA-835D-064E20A4117E}
		{3E81FA1C-7CDA-4259-8E0C-90620E8FAF47} = {23466F59-E908-4EFA-835D-064E20A4117E}
		{262DACA6-BCC0-4484-B6A6-DBECD78C5F3A} = {23466F59-E908-4EFA-835D-064E20A4117E}
		{E33071C1-A3D4-4FC4-B9D5-24443CAC6923} = {4D4A478F-BF7B-4A4E-B3C3-53A1A8A8D757}
		{CABFB36B-BF3D-4F71-A180-3C754498BFEC} = {4D4A478F-BF7B-4A4E-B3C3-53A1A8A8D757}
		{AB7D754B-F9F6-489C-8DB1-C98B189B88BA} = {4D4A478F-BF7B-4A4E-B3C3-53A1A8A8D757}
		{17C46D83-76EE-457F-B371-4A2316190D93} = {4D4A478F-BF7B-4A4E-B3C3-53A1A8A8D757}
		{CBB7A0E1-38F0-4D31-BA29-633EDDC0F7B2} = {4D4A478F-BF7B-4A4E-B3C3-53A1A8A8D757}
		{2A35A009-656E-46A1-B41B-1C90415BA383} = {4D4A478F-BF7B-4A4E-B3C3-53A1A8A8D757}
		{238280FA-53E4-42D8-BDDF-6C87D8D80EBF} = {4D4A478F-BF7B-4A4E-B3C3-53A1A8A8D757}
		{F73DDCE9-80F1-4DE2-BD45-7670F1AA24D8} = {4D4A478F-BF7B-4A4E-B3C3-53A1A8A8D757}
		{D42CE781-CC4E-4C80-8E7E-BFD5B1189B8E} = {0EAA0BDD-BE9E-41E1-9191-38379BC5D6A3}
		{459EF3B8-B30B-47C2-B3DB-A4566D86B2FF} = {0EAA0BDD-BE9E-41E1-9191-38379BC5D6A3}
		{1D712B83-8AD7-46C2-A9ED-544568CDB1BF} = {0EAA0BDD-BE9E-41E1-9191-38379BC5D6A3}
		{8BB5926D-22FA-44F3-817D-4EC6E034EAF8} = {0EAA0BDD-BE9E-41E1-9191-38379BC5D6A3}
		{2FBF58A4-41FD-495B-964C-9E981DC19021} = {0EAA0BDD-BE9E-41E1-9191-38379BC5D6A3}
		{B932FD64-CEC0-4AA9-928E-C7CFBBC0A231} = {18570ACD-D122-4627-AF2A-BBA284DB55C0}
		{D56CB749-EBC4-4223-B4D5-E87A8B2637CF} = {18570ACD-D122-4627-AF2A-BBA284DB55C0}
		{0B8B9C20-1539-4552-9C48-B93EB1282B9A} = {18570ACD-D122-4627-AF2A-BBA284DB55C0}
		{37485B0E-2772-41ED-B70A-E305C454C382} = {18570ACD-D122-4627-AF2A-BBA284DB55C0}
		{7FCD98FA-6283-4E2F-BA0F-085A05DDF7FC} = {18570ACD-D122-4627-AF2A-BBA284DB55C0}
		{AD6C662F-2033-4E4A-8294-52DEF349BB45} = {18570ACD-D122-4627-AF2A-BBA284DB55C0}
		{2E5A5B20-4D36-4C19-86EA-3699FFBCFB2F} = {18570ACD-D122-4627-AF2A-BBA284DB55C0}
		{2880F8D3-EEC9-41AB-8E60-CE265BA9A881} = {18570ACD-D122-4627-AF2A-BBA284DB55C0}
		{B9CBA43D-4D29-4BD4-B63D-4DBE27A30AD2} = {C41CC769-3E98-4297-9F30-E7B7D8DFC553}
		{E644714A-17C9-4DF8-929F-AF0DEBB70208} = {C41CC769-3E98-4297-9F30-E7B7D8DFC553}
		{0FC101A6-8CCE-43E5-9225-291D3D39A068} = {C41CC769-3E98-4297-9F30-E7B7D8DFC553}
		{944AD5AD-CEE3-4FBC-A813-EEEFF1D1BA78} = {C41CC769-3E98-4297-9F30-E7B7D8DFC553}
		{8E3228C0-D309-4119-9860-54EA1E3F8F06} = {C41CC769-3E98-4297-9F30-E7B7D8DFC553}
		{AAC20289-CC0D-44FD-81C1-166880D5ABD2} = {C41CC769-3E98-4297-9F30-E7B7D8DFC553}
		{56679ED5-909E-45DF-BC5F-F17658EF1410} = {40E749C6-2D1E-4E29-9078-C0785D03C860}
		{BCAE24F4-D5FC-4E23-A9CA-64BCBEF60D88} = {40E749C6-2D1E-4E29-9078-C0785D03C860}
		{9BD52E0A-4244-4411-8483-F62A526DF898} = {40E749C6-2D1E-4E29-9078-C0785D03C860}
		{0EC7BBCB-4127-4835-BFE9-94CB5CE5179E} = {40E749C6-2D1E-4E29-9078-C0785D03C860}
		{E1CF6EB2-E03E-4410-BB4C-62F68534BE17} = {40E749C6-2D1E-4E29-9078-C0785D03C860}
		{50E0EC5E-2F10-4F5B-9126-1E7CB888A738} = {40E749C6-2D1E-4E29-9078-C0785D03C860}
		{969664A3-59EF-4F25-8042-97F7355C8788} = {40E749C6-2D1E-4E29-9078-C0785D03C860}
		{2332E491-5995-47AA-A652-3BD2BED85B59} = {40E749C6-2D1E-4E29-9078-C0785D03C860}
		{891C6636-864F-41F9-A5B6-C721E2BAD14D} = {40E749C6-2D1E-4E29-9078-C0785D03C860}
		{E2FB3B78-6F8F-493B-AF6C-416AB642859A} = {ABEEE065-F078-46BD-A572-C1562B96D7F9}
		{FCF030C4-F239-4A87-9E2E-F5CC4209E382} = {ABEEE065-F078-46BD-A572-C1562B96D7F9}
		{6A011564-108C-45C3-92C3-0CF819A79314} = {ABEEE065-F078-46BD-A572-C1562B96D7F9}
		{E3E9ADD8-7E97-4BD6-96C4-C60FCA28433D} = {ABEEE065-F078-46BD-A572-C1562B96D7F9}
		{B1D95150-8C4E-4B61-A416-E52AFA44DEA2} = {ABEEE065-F078-46BD-A572-C1562B96D7F9}
		{C65BC91F-A0A3-42D3-9DE4-A4839A69A2D5} = {ABEEE065-F078-46BD-A572-C1562B96D7F9}
		{4F7A9657-4A28-4CD9-B5B8-FC1CC463A6F5} = {ABEEE065-F078-46BD-A572-C1562B96D7F9}
		{B9F15E75-F3D5-43F6-A9B5-036DF6A8B357} = {ABEEE065-F078-46BD-A572-C1562B96D7F9}
		{BDB6CF97-7491-41C0-90E6-0DD9F73E195B} = {F9B5284B-9721-4717-9F36-0124BABA5C0F}
		{FB051FF7-6D1E-4673-8B85-58FBFF7D8695} = {F9B5284B-9721-4717-9F36-0124BABA5C0F}
		{F7065C20-52C2-4648-8908-9C0E582C57B0} = {F9B5284B-9721-4717-9F36-0124BABA5C0F}
		{20D05AE6-9ED3-4DDB-9DB8-94A09A633E1C} = {F9B5284B-9721-4717-9F36-0124BABA5C0F}
		{2EC91BD9-E9CA-4576-B90C-EA5ECEDD4DE1} = {F9B5284B-9721-4717-9F36-0124BABA5C0F}
	EndGlobalSection
	GlobalSection(ExtensibilityGlobals) = postSolution
		SolutionGuid = {CD125715-E2F2-487C-B755-8ACAF545BAFD}
	EndGlobalSection
EndGlobal
